
Microsoft Visual Studio Solution File, Format Version 12.00
# Visual Studio Version 17
VisualStudioVersion = 17.11.35327.3
MinimumVisualStudioVersion = 10.0.40219.1
Project("{9A19103F-16F7-4668-BE54-9A1E7A4F7556}") = "ThreeDee", "ThreeDee\ThreeDee.csproj", "{3B4CF59E-DE2A-433C-9986-3A0337ACB871}"
EndProject
Global
	GlobalSection(SolutionConfigurationPlatforms) = preSolution
		Debug|Any CPU = Debug|Any CPU
		Release|Any CPU = Release|Any CPU
	EndGlobalSection
	GlobalSection(ProjectConfigurationPlatforms) = postSolution
		{3B4CF59E-DE2A-433C-9986-3A0337ACB871}.Debug|Any CPU.ActiveCfg = Debug|Any CPU
		{3B4CF59E-DE2A-433C-9986-3A0337ACB871}.Debug|Any CPU.Build.0 = Debug|Any CPU
		{3B4CF59E-DE2A-433C-9986-3A0337ACB871}.Debug|Any CPU.Deploy.0 = Debug|Any CPU
		{3B4CF59E-DE2A-433C-9986-3A0337ACB871}.Release|Any CPU.ActiveCfg = Release|Any CPU
		{3B4CF59E-DE2A-433C-9986-3A0337ACB871}.Release|Any CPU.Build.0 = Release|Any CPU
		{3B4CF59E-DE2A-433C-9986-3A0337ACB871}.Release|Any CPU.Deploy.0 = Release|Any CPU
	EndGlobalSection
	GlobalSection(SolutionProperties) = preSolution
		HideSolutionNode = FALSE
	EndGlobalSection
	GlobalSection(ExtensibilityGlobals) = postSolution
		SolutionGuid = {8EF36B9F-56D9-431B-A565-09DA5188E09E}
	EndGlobalSection
EndGlobal
